
Microsoft Visual Studio Solution File, Format Version 12.00
# Visual Studio Version 17
VisualStudioVersion = 17.9.34728.123
MinimumVisualStudioVersion = 10.0.40219.1
Project("{9A19103F-16F7-4668-BE54-9A1E7A4F7556}") = "DailyTrainTimetable", "DailyTrainTimetable.csproj", "{D679BC14-21DB-410A-9941-80AF9BB8074D}"
EndProject
Project("{2150E333-8FDC-42A3-9474-1A3956D46DE8}") = "tests", "tests", "{0AB3BF05-4346-4AA6-1389-037BE0695223}"
EndProject
Project("{FAE04EC0-301F-11D3-BF4B-00C04F79EFBC}") = "DailyTrainTimetable.Tests", "tests\DailyTrainTimetable.Tests\DailyTrainTimetable.Tests.csproj", "{787BC98F-9070-48B6-BB47-B99C74D08A87}"
EndProject
Global
	GlobalSection(SolutionConfigurationPlatforms) = preSolution
		Debug|Any CPU = Debug|Any CPU
		Debug|x64 = Debug|x64
		Debug|x86 = Debug|x86
		Release|Any CPU = Release|Any CPU
		Release|x64 = Release|x64
		Release|x86 = Release|x86
	EndGlobalSection
	GlobalSection(ProjectConfigurationPlatforms) = postSolution
		{D679BC14-21DB-410A-9941-80AF9BB8074D}.Debug|Any CPU.ActiveCfg = Debug|Any CPU
		{D679BC14-21DB-410A-9941-80AF9BB8074D}.Debug|Any CPU.Build.0 = Debug|Any CPU
		{D679BC14-21DB-410A-9941-80AF9BB8074D}.Debug|x64.ActiveCfg = Debug|Any CPU
		{D679BC14-21DB-410A-9941-80AF9BB8074D}.Debug|x64.Build.0 = Debug|Any CPU
		{D679BC14-21DB-410A-9941-80AF9BB8074D}.Debug|x86.ActiveCfg = Debug|Any CPU
		{D679BC14-21DB-410A-9941-80AF9BB8074D}.Debug|x86.Build.0 = Debug|Any CPU
		{D679BC14-21DB-410A-9941-80AF9BB8074D}.Release|Any CPU.ActiveCfg = Release|Any CPU
		{D679BC14-21DB-410A-9941-80AF9BB8074D}.Release|Any CPU.Build.0 = Release|Any CPU
		{D679BC14-21DB-410A-9941-80AF9BB8074D}.Release|x64.ActiveCfg = Release|Any CPU
		{D679BC14-21DB-410A-9941-80AF9BB8074D}.Release|x64.Build.0 = Release|Any CPU
		{D679BC14-21DB-410A-9941-80AF9BB8074D}.Release|x86.ActiveCfg = Release|Any CPU
		{D679BC14-21DB-410A-9941-80AF9BB8074D}.Release|x86.Build.0 = Release|Any CPU
		{787BC98F-9070-48B6-BB47-B99C74D08A87}.Debug|Any CPU.ActiveCfg = Debug|Any CPU
		{787BC98F-9070-48B6-BB47-B99C74D08A87}.Debug|Any CPU.Build.0 = Debug|Any CPU
		{787BC98F-9070-48B6-BB47-B99C74D08A87}.Debug|x64.ActiveCfg = Debug|Any CPU
		{787BC98F-9070-48B6-BB47-B99C74D08A87}.Debug|x64.Build.0 = Debug|Any CPU
		{787BC98F-9070-48B6-BB47-B99C74D08A87}.Debug|x86.ActiveCfg = Debug|Any CPU
		{787BC98F-9070-48B6-BB47-B99C74D08A87}.Debug|x86.Build.0 = Debug|Any CPU
		{787BC98F-9070-48B6-BB47-B99C74D08A87}.Release|Any CPU.ActiveCfg = Release|Any CPU
		{787BC98F-9070-48B6-BB47-B99C74D08A87}.Release|Any CPU.Build.0 = Release|Any CPU
		{787BC98F-9070-48B6-BB47-B99C74D08A87}.Release|x64.ActiveCfg = Release|Any CPU
		{787BC98F-9070-48B6-BB47-B99C74D08A87}.Release|x64.Build.0 = Release|Any CPU
		{787BC98F-9070-48B6-BB47-B99C74D08A87}.Release|x86.ActiveCfg = Release|Any CPU
		{787BC98F-9070-48B6-BB47-B99C74D08A87}.Release|x86.Build.0 = Release|Any CPU
	EndGlobalSection
	GlobalSection(SolutionProperties) = preSolution
		HideSolutionNode = FALSE
	EndGlobalSection
	GlobalSection(NestedProjects) = preSolution
		{787BC98F-9070-48B6-BB47-B99C74D08A87} = {0AB3BF05-4346-4AA6-1389-037BE0695223}
	EndGlobalSection
	GlobalSection(ExtensibilityGlobals) = postSolution
		SolutionGuid = {3F60B474-8FA1-4B69-B398-51DC5314CE97}
	EndGlobalSection
EndGlobal
